
Microsoft Visual Studio Solution File, Format Version 12.00
# Visual Studio Version 16
VisualStudioVersion = 16.0.36227.6
MinimumVisualStudioVersion = 10.0.40219.1
Project("{FAE04EC0-301F-11D3-BF4B-00C04F79EFBC}") = "MVC  NAV", "MVC  NAV.csproj", "{397999F3-B4C7-458C-9E7B-CAE64F2B88F5}"
EndProject
Global
	GlobalSection(SolutionConfigurationPlatforms) = preSolution
		Debug|Any CPU = Debug|Any CPU
		Release|Any CPU = Release|Any CPU
	EndGlobalSection
	GlobalSection(ProjectConfigurationPlatforms) = postSolution
		{397999F3-B4C7-458C-9E7B-CAE64F2B88F5}.Debug|Any CPU.ActiveCfg = Debug|Any CPU
		{397999F3-B4C7-458C-9E7B-CAE64F2B88F5}.Debug|Any CPU.Build.0 = Debug|Any CPU
		{397999F3-B4C7-458C-9E7B-CAE64F2B88F5}.Release|Any CPU.ActiveCfg = Release|Any CPU
		{397999F3-B4C7-458C-9E7B-CAE64F2B88F5}.Release|Any CPU.Build.0 = Release|Any CPU
	EndGlobalSection
	GlobalSection(SolutionProperties) = preSolution
		HideSolutionNode = FALSE
	EndGlobalSection
	GlobalSection(ExtensibilityGlobals) = postSolution
		SolutionGuid = {EFFAAD8E-EF6A-4834-8D87-A08194C9C5A2}
	EndGlobalSection
EndGlobal
