
Microsoft Visual Studio Solution File, Format Version 12.00
# Visual Studio Version 16
VisualStudioVersion = 16.0.36227.6
MinimumVisualStudioVersion = 10.0.40219.1
Project("{FAE04EC0-301F-11D3-BF4B-00C04F79EFBC}") = "testing", "testing.csproj", "{4C566ADD-B0E9-4405-8FD0-46B3A48230D6}"
EndProject
Global
	GlobalSection(SolutionConfigurationPlatforms) = preSolution
		Debug|Any CPU = Debug|Any CPU
		Release|Any CPU = Release|Any CPU
	EndGlobalSection
	GlobalSection(ProjectConfigurationPlatforms) = postSolution
		{4C566ADD-B0E9-4405-8FD0-46B3A48230D6}.Debug|Any CPU.ActiveCfg = Debug|Any CPU
		{4C566ADD-B0E9-4405-8FD0-46B3A48230D6}.Debug|Any CPU.Build.0 = Debug|Any CPU
		{4C566ADD-B0E9-4405-8FD0-46B3A48230D6}.Release|Any CPU.ActiveCfg = Release|Any CPU
		{4C566ADD-B0E9-4405-8FD0-46B3A48230D6}.Release|Any CPU.Build.0 = Release|Any CPU
	EndGlobalSection
	GlobalSection(SolutionProperties) = preSolution
		HideSolutionNode = FALSE
	EndGlobalSection
	GlobalSection(ExtensibilityGlobals) = postSolution
		SolutionGuid = {28877874-E2DD-495B-A67A-96207D9B9338}
	EndGlobalSection
EndGlobal
