
Microsoft Visual Studio Solution File, Format Version 12.00
# Visual Studio Version 16
VisualStudioVersion = 16.0.36227.6
MinimumVisualStudioVersion = 10.0.40219.1
Project("{FAE04EC0-301F-11D3-BF4B-00C04F79EFBC}") = "WindowsFormsApp1", "WindowsFormsApp1.csproj", "{0E486741-391E-427B-AF8B-D84C4021B025}"
EndProject
Global
	GlobalSection(SolutionConfigurationPlatforms) = preSolution
		Debug|Any CPU = Debug|Any CPU
		Release|Any CPU = Release|Any CPU
	EndGlobalSection
	GlobalSection(ProjectConfigurationPlatforms) = postSolution
		{0E486741-391E-427B-AF8B-D84C4021B025}.Debug|Any CPU.ActiveCfg = Debug|Any CPU
		{0E486741-391E-427B-AF8B-D84C4021B025}.Debug|Any CPU.Build.0 = Debug|Any CPU
		{0E486741-391E-427B-AF8B-D84C4021B025}.Release|Any CPU.ActiveCfg = Release|Any CPU
		{0E486741-391E-427B-AF8B-D84C4021B025}.Release|Any CPU.Build.0 = Release|Any CPU
	EndGlobalSection
	GlobalSection(SolutionProperties) = preSolution
		HideSolutionNode = FALSE
	EndGlobalSection
	GlobalSection(ExtensibilityGlobals) = postSolution
		SolutionGuid = {0F06EACD-32A4-45F8-828F-11E85F5DC64F}
	EndGlobalSection
EndGlobal
