
Microsoft Visual Studio Solution File, Format Version 12.00
# Visual Studio Version 16
VisualStudioVersion = 16.0.36227.6
MinimumVisualStudioVersion = 10.0.40219.1
Project("{FAE04EC0-301F-11D3-BF4B-00C04F79EFBC}") = "API", "API.csproj", "{98F86FDE-B041-4EFB-96D1-B7AD364E19F8}"
EndProject
Global
	GlobalSection(SolutionConfigurationPlatforms) = preSolution
		Debug|Any CPU = Debug|Any CPU
		Release|Any CPU = Release|Any CPU
	EndGlobalSection
	GlobalSection(ProjectConfigurationPlatforms) = postSolution
		{98F86FDE-B041-4EFB-96D1-B7AD364E19F8}.Debug|Any CPU.ActiveCfg = Debug|Any CPU
		{98F86FDE-B041-4EFB-96D1-B7AD364E19F8}.Debug|Any CPU.Build.0 = Debug|Any CPU
		{98F86FDE-B041-4EFB-96D1-B7AD364E19F8}.Release|Any CPU.ActiveCfg = Release|Any CPU
		{98F86FDE-B041-4EFB-96D1-B7AD364E19F8}.Release|Any CPU.Build.0 = Release|Any CPU
	EndGlobalSection
	GlobalSection(SolutionProperties) = preSolution
		HideSolutionNode = FALSE
	EndGlobalSection
	GlobalSection(ExtensibilityGlobals) = postSolution
		SolutionGuid = {83F012A5-30C7-49F2-BABF-4694878192D2}
	EndGlobalSection
EndGlobal
